
Microsoft Visual Studio Solution File, Format Version 12.00
# Visual Studio 15
VisualStudioVersion = 15.0.26430.15
MinimumVisualStudioVersion = 10.0.40219.1
Project("{E24C65DC-7377-472B-9ABA-BC803B73C61A}") = "LarryNF45RazorV3", "LarryNF45RazorV3\", "{0AC022D7-5714-4329-839C-616224F83347}"
	ProjectSection(WebsiteProperties) = preProject
		TargetFrameworkMoniker = ".NETFramework,Version%3Dv4.5"
		Debug.AspNetCompiler.VirtualPath = "/localhost_54231"
		Debug.AspNetCompiler.PhysicalPath = "LarryNF45RazorV3\"
		Debug.AspNetCompiler.TargetPath = "PrecompiledWeb\localhost_54231\"
		Debug.AspNetCompiler.Updateable = "true"
		Debug.AspNetCompiler.ForceOverwrite = "true"
		Debug.AspNetCompiler.FixedNames = "false"
		Debug.AspNetCompiler.Debug = "True"
		Release.AspNetCompiler.VirtualPath = "/localhost_54231"
		Release.AspNetCompiler.PhysicalPath = "LarryNF45RazorV3\"
		Release.AspNetCompiler.TargetPath = "PrecompiledWeb\localhost_54231\"
		Release.AspNetCompiler.Updateable = "true"
		Release.AspNetCompiler.ForceOverwrite = "true"
		Release.AspNetCompiler.FixedNames = "false"
		Release.AspNetCompiler.Debug = "False"
		VWDPort = "54231"
		SlnRelativePath = "LarryNF45RazorV3\"
		DefaultWebSiteLanguage = "Visual C#"
	EndProjectSection
EndProject
Project("{FAE04EC0-301F-11D3-BF4B-00C04F79EFBC}") = "WebAPI", "WebAPI\WebAPI.csproj", "{9702EC41-3D3D-43E3-9DFF-D71FBE8F1D1C}"
EndProject
Project("{FAE04EC0-301F-11D3-BF4B-00C04F79EFBC}") = "WebAPI.Tests", "WebAPI.Tests\WebAPI.Tests.csproj", "{0C0636CB-876F-46A7-8C23-14550B23604E}"
EndProject
Project("{FAE04EC0-301F-11D3-BF4B-00C04F79EFBC}") = "WebAPIWithAuth", "WebAPIWithAuth\WebAPIWithAuth.csproj", "{19BE5D9B-6523-435A-AF56-7FD0E9D73789}"
EndProject
Project("{FAE04EC0-301F-11D3-BF4B-00C04F79EFBC}") = "WebAPIWithAuth.Tests", "WebAPIWithAuth.Tests\WebAPIWithAuth.Tests.csproj", "{17350272-8E37-40C5-B7B7-7D4503D8A564}"
EndProject
Global
	GlobalSection(SolutionConfigurationPlatforms) = preSolution
		Debug|Any CPU = Debug|Any CPU
		Release|Any CPU = Release|Any CPU
	EndGlobalSection
	GlobalSection(ProjectConfigurationPlatforms) = postSolution
		{0AC022D7-5714-4329-839C-616224F83347}.Debug|Any CPU.ActiveCfg = Debug|Any CPU
		{0AC022D7-5714-4329-839C-616224F83347}.Debug|Any CPU.Build.0 = Debug|Any CPU
		{0AC022D7-5714-4329-839C-616224F83347}.Release|Any CPU.ActiveCfg = Debug|Any CPU
		{0AC022D7-5714-4329-839C-616224F83347}.Release|Any CPU.Build.0 = Debug|Any CPU
		{9702EC41-3D3D-43E3-9DFF-D71FBE8F1D1C}.Debug|Any CPU.ActiveCfg = Debug|Any CPU
		{9702EC41-3D3D-43E3-9DFF-D71FBE8F1D1C}.Debug|Any CPU.Build.0 = Debug|Any CPU
		{9702EC41-3D3D-43E3-9DFF-D71FBE8F1D1C}.Release|Any CPU.ActiveCfg = Release|Any CPU
		{9702EC41-3D3D-43E3-9DFF-D71FBE8F1D1C}.Release|Any CPU.Build.0 = Release|Any CPU
		{0C0636CB-876F-46A7-8C23-14550B23604E}.Debug|Any CPU.ActiveCfg = Debug|Any CPU
		{0C0636CB-876F-46A7-8C23-14550B23604E}.Debug|Any CPU.Build.0 = Debug|Any CPU
		{0C0636CB-876F-46A7-8C23-14550B23604E}.Release|Any CPU.ActiveCfg = Release|Any CPU
		{0C0636CB-876F-46A7-8C23-14550B23604E}.Release|Any CPU.Build.0 = Release|Any CPU
		{19BE5D9B-6523-435A-AF56-7FD0E9D73789}.Debug|Any CPU.ActiveCfg = Debug|Any CPU
		{19BE5D9B-6523-435A-AF56-7FD0E9D73789}.Debug|Any CPU.Build.0 = Debug|Any CPU
		{19BE5D9B-6523-435A-AF56-7FD0E9D73789}.Release|Any CPU.ActiveCfg = Release|Any CPU
		{19BE5D9B-6523-435A-AF56-7FD0E9D73789}.Release|Any CPU.Build.0 = Release|Any CPU
		{17350272-8E37-40C5-B7B7-7D4503D8A564}.Debug|Any CPU.ActiveCfg = Debug|Any CPU
		{17350272-8E37-40C5-B7B7-7D4503D8A564}.Debug|Any CPU.Build.0 = Debug|Any CPU
		{17350272-8E37-40C5-B7B7-7D4503D8A564}.Release|Any CPU.ActiveCfg = Release|Any CPU
		{17350272-8E37-40C5-B7B7-7D4503D8A564}.Release|Any CPU.Build.0 = Release|Any CPU
	EndGlobalSection
	GlobalSection(SolutionProperties) = preSolution
		HideSolutionNode = FALSE
	EndGlobalSection
EndGlobal
